<?xml version="1.0" encoding="utf-8"?>
<Project ToolsVersion="4.0" xmlns="http://schemas.microsoft.com/developer/msbuild/2003">
  <ItemGroup>
    <Filter Include="src">
      <UniqueIdentifier>{4FC737F1-C7A5-4376-A066-2A32D752A2FF}</UniqueIdentifier>
      <Extensions>cpp;c;cc;cxx;def;odl;idl;hpj;bat;asm;asmx</Extensions>
    </Filter>
    <Filter Include="src\msg">
      <UniqueIdentifier>{ba0fde6b-5ec2-49f2-baa4-0245094f7b5b}</UniqueIdentifier>
    </Filter>
  </ItemGroup>
  <ItemGroup>
    <ClInclude Include="..\..\src\umio\msg\UMIOSettingMsg.h">
      <Filter>src\msg</Filter>
    </ClInclude>
    <ClInclude Include="..\..\src\umio\msg\UMMaterialMsg.h">
      <Filter>src\msg</Filter>
    </ClInclude>
    <ClInclude Include="..\..\src\umio\msg\UMMatrixMsg.h">
      <Filter>src\msg</Filter>
    </ClInclude>
    <ClInclude Include="..\..\src\umio\msg\UMMeshMsg.h">
      <Filter>src\msg</Filter>
    </ClInclude>
    <ClInclude Include="..\..\src\umio\msg\UMNodeMsg.h">
      <Filter>src\msg</Filter>
    </ClInclude>
    <ClInclude Include="..\..\src\umio\msg\UMObjectMsg.h">
      <Filter>src\msg</Filter>
    </ClInclude>
    <ClInclude Include="..\..\src\umio\msg\UMPoseMsg.h">
      <Filter>src\msg</Filter>
    </ClInclude>
    <ClInclude Include="..\..\src\umio\msg\UMShapeMsg.h">
      <Filter>src\msg</Filter>
    </ClInclude>
    <ClInclude Include="..\..\src\umio\msg\UMSkeletonMsg.h">
      <Filter>src\msg</Filter>
    </ClInclude>
    <ClInclude Include="..\..\src\umio\msg\UMSkinMsg.h">
      <Filter>src\msg</Filter>
    </ClInclude>
    <ClInclude Include="..\..\src\umio\msg\UMTextureMsg.h">
      <Filter>src\msg</Filter>
    </ClInclude>
    <ClInclude Include="..\..\src\umio\msg\UMVector2Msg.h">
      <Filter>src\msg</Filter>
    </ClInclude>
    <ClInclude Include="..\..\src\umio\msg\UMVector3Msg.h">
      <Filter>src\msg</Filter>
    </ClInclude>
    <ClInclude Include="..\..\src\umio\msg\UMVector4Msg.h">
      <Filter>src\msg</Filter>
    </ClInclude>
    <ClInclude Include="..\..\src\umio\msg\UMBlendShapeChannelMsg.h">
      <Filter>src\msg</Filter>
    </ClInclude>
    <ClInclude Include="..\..\src\umio\msg\UMBlendShapeMsg.h">
      <Filter>src\msg</Filter>
    </ClInclude>
    <ClInclude Include="..\..\src\umio\msg\UMCameraMsg.h">
      <Filter>src\msg</Filter>
    </ClInclude>
    <ClInclude Include="..\..\src\umio\msg\UMClusterMsg.h">
      <Filter>src\msg</Filter>
    </ClInclude>
    <ClInclude Include="..\..\src\umio\msg\UMDeformerMsg.h">
      <Filter>src\msg</Filter>
    </ClInclude>
    <ClInclude Include="..\..\src\umio\UMAnimation.h">
      <Filter>src</Filter>
    </ClInclude>
    <ClInclude Include="..\..\src\umio\UMFbx.h">
      <Filter>src</Filter>
    </ClInclude>
    <ClInclude Include="..\..\src\umio\UMIO.h">
      <Filter>src</Filter>
    </ClInclude>
    <ClInclude Include="..\..\src\umio\UMIOSetting.h">
      <Filter>src</Filter>
    </ClInclude>
    <ClInclude Include="..\..\src\umio\UMListTypes.h">
      <Filter>src</Filter>
    </ClInclude>
    <ClInclude Include="..\..\src\umio\UMMatrix.h">
      <Filter>src</Filter>
    </ClInclude>
    <ClInclude Include="..\..\src\umio\UMObject.h">
      <Filter>src</Filter>
    </ClInclude>
    <ClInclude Include="..\..\src\umio\UMVector.h">
      <Filter>src</Filter>
    </ClInclude>
  </ItemGroup>
  <ItemGroup>
    <ClCompile Include="..\..\src\umio\UMFbx.cpp">
      <Filter>src</Filter>
    </ClCompile>
    <ClCompile Include="..\..\src\umio\UMFbx2011.cpp">
      <Filter>src</Filter>
    </ClCompile>
    <ClCompile Include="..\..\src\umio\UMFbx2013.cpp">
      <Filter>src</Filter>
    </ClCompile>
    <ClCompile Include="..\..\src\umio\UMFbx2014.cpp">
      <Filter>src</Filter>
    </ClCompile>
    <ClCompile Include="..\..\src\umio\UMFbx2015.cpp">
      <Filter>src</Filter>
    </ClCompile>
    <ClCompile Include="..\..\src\umio\UMIO.cpp">
      <Filter>src</Filter>
    </ClCompile>
    <ClCompile Include="..\..\src\umio\UMMain.cpp">
      <Filter>src</Filter>
    </ClCompile>
    <ClCompile Include="..\..\src\umio\UMObject.cpp">
      <Filter>src</Filter>
    </ClCompile>
    <ClCompile Include="..\..\src\umio\UMPython.cpp">
      <Filter>src</Filter>
    </ClCompile>
  </ItemGroup>
</Project>