<?xml version="1.0" encoding="utf-8"?>
<Project ToolsVersion="4.0" xmlns="http://schemas.microsoft.com/developer/msbuild/2003">
  <ItemGroup>
    <Filter Include="src">
      <UniqueIdentifier>{4FC737F1-C7A5-4376-A066-2A32D752A2FF}</UniqueIdentifier>
      <Extensions>cpp;c;cc;cxx;def;odl;idl;hpj;bat;asm;asmx</Extensions>
    </Filter>
    <Filter Include="src\render">
      <UniqueIdentifier>{7e97fe9c-4cc1-46bc-a79c-1e3e6a02345a}</UniqueIdentifier>
    </Filter>
  </ItemGroup>
  <ItemGroup>
    <ClInclude Include="..\..\src\umrt\UMBvh.h">
      <Filter>src</Filter>
    </ClInclude>
    <ClInclude Include="..\..\src\umrt\UMRay.h">
      <Filter>src</Filter>
    </ClInclude>
    <ClInclude Include="..\..\src\umrt\UMShaderParameter.h">
      <Filter>src</Filter>
    </ClInclude>
    <ClInclude Include="..\..\src\umrt\UMPrimitive.h">
      <Filter>src</Filter>
    </ClInclude>
    <ClInclude Include="..\..\src\umrt\UMTriangle.h">
      <Filter>src</Filter>
    </ClInclude>
    <ClInclude Include="..\..\src\umrt\UMSceneAccess.h">
      <Filter>src</Filter>
    </ClInclude>
    <ClInclude Include="..\..\src\umrt\UMVertexParameter.h">
      <Filter>src</Filter>
    </ClInclude>
    <ClInclude Include="..\..\src\umrt\UMRenderer.h">
      <Filter>src\render</Filter>
    </ClInclude>
    <ClInclude Include="..\..\src\umrt\UMRenderParameter.h">
      <Filter>src\render</Filter>
    </ClInclude>
    <ClInclude Include="..\..\src\umrt\UMPathTracer.h">
      <Filter>src\render</Filter>
    </ClInclude>
    <ClInclude Include="..\..\src\umrt\UMRayTracer.h">
      <Filter>src\render</Filter>
    </ClInclude>
    <ClInclude Include="..\..\src\umrt\UMAreaLight.h">
      <Filter>src\render</Filter>
    </ClInclude>
    <ClInclude Include="..\..\src\umrt\UMSubdivision.h">
      <Filter>src</Filter>
    </ClInclude>
    <ClInclude Include="..\..\src\umrt\UMRT.h">
      <Filter>src</Filter>
    </ClInclude>
  </ItemGroup>
  <ItemGroup>
    <ClCompile Include="..\..\src\umrt\UMBvh.cpp">
      <Filter>src</Filter>
    </ClCompile>
    <ClCompile Include="..\..\src\umrt\UMTriangle.cpp">
      <Filter>src</Filter>
    </ClCompile>
    <ClCompile Include="..\..\src\umrt\UMSceneAccess.cpp">
      <Filter>src</Filter>
    </ClCompile>
    <ClCompile Include="..\..\src\umrt\UMVertexParameter.cpp">
      <Filter>src</Filter>
    </ClCompile>
    <ClCompile Include="..\..\src\umrt\UMPathTracer.cpp">
      <Filter>src\render</Filter>
    </ClCompile>
    <ClCompile Include="..\..\src\umrt\UMRayTracer.cpp">
      <Filter>src\render</Filter>
    </ClCompile>
    <ClCompile Include="..\..\src\umrt\UMRenderer.cpp">
      <Filter>src\render</Filter>
    </ClCompile>
    <ClCompile Include="..\..\src\umrt\UMAreaLight.cpp">
      <Filter>src\render</Filter>
    </ClCompile>
    <ClCompile Include="..\..\src\umrt\UMSubdivision.cpp">
      <Filter>src</Filter>
    </ClCompile>
    <ClCompile Include="..\..\src\umrt\UMRT.cpp">
      <Filter>src</Filter>
    </ClCompile>
  </ItemGroup>
</Project>