<?xml version="1.0" encoding="utf-8"?>
<Project ToolsVersion="4.0" xmlns="http://schemas.microsoft.com/developer/msbuild/2003">
  <ItemGroup>
    <Filter Include="src">
      <UniqueIdentifier>{4FC737F1-C7A5-4376-A066-2A32D752A2FF}</UniqueIdentifier>
      <Extensions>cpp;c;cc;cxx;def;odl;idl;hpj;bat;asm;asmx</Extensions>
    </Filter>
    <Filter Include="src\directx">
      <UniqueIdentifier>{65257e76-f63f-43b0-9b83-1695710dc4be}</UniqueIdentifier>
    </Filter>
    <Filter Include="src\opengl">
      <UniqueIdentifier>{d93af263-c5ac-4e9e-b4db-229799197c73}</UniqueIdentifier>
    </Filter>
    <Filter Include="src\software">
      <UniqueIdentifier>{78e3a480-a576-4ab0-bbc1-e7c1dc794c1c}</UniqueIdentifier>
    </Filter>
    <Filter Include="src\opengl\shader">
      <UniqueIdentifier>{559e604e-4968-4661-866b-ef6e7b4dccaa}</UniqueIdentifier>
    </Filter>
    <Filter Include="src\directx\shader">
      <UniqueIdentifier>{279c3a92-bc00-4b06-9498-892baf33d28c}</UniqueIdentifier>
    </Filter>
  </ItemGroup>
  <ItemGroup>
    <ClCompile Include="..\..\src\umgui\UMGUI.cpp">
      <Filter>src</Filter>
    </ClCompile>
    <ClCompile Include="..\..\src\umgui\UMOpenGLGUIBoard.cpp">
      <Filter>src\opengl</Filter>
    </ClCompile>
    <ClCompile Include="..\..\src\umgui\UMOpenGLGUIScene.cpp">
      <Filter>src\opengl</Filter>
    </ClCompile>
    <ClCompile Include="..\..\src\umgui\UMDirectX11GUIScene.cpp">
      <Filter>src\directx</Filter>
    </ClCompile>
    <ClCompile Include="..\..\src\umgui\UMDirectX11GUIBoard.cpp">
      <Filter>src\directx</Filter>
    </ClCompile>
    <ClCompile Include="..\..\src\umgui\UMGUIBoard.cpp">
      <Filter>src\software</Filter>
    </ClCompile>
    <ClCompile Include="..\..\src\umgui\UMGUIObject.cpp">
      <Filter>src\software</Filter>
    </ClCompile>
    <ClCompile Include="..\..\src\umgui\UMGUIScene.cpp">
      <Filter>src\software</Filter>
    </ClCompile>
    <ClCompile Include="..\..\src\umgui\UMGUIScrollBoard.cpp">
      <Filter>src\software</Filter>
    </ClCompile>
  </ItemGroup>
  <ItemGroup>
    <ClInclude Include="..\..\src\umgui\UMGUI.h">
      <Filter>src</Filter>
    </ClInclude>
    <ClInclude Include="..\..\src\umgui\UMOpenGLGUIBoard.h">
      <Filter>src\opengl</Filter>
    </ClInclude>
    <ClInclude Include="..\..\src\umgui\UMOpenGLGUIScene.h">
      <Filter>src\opengl</Filter>
    </ClInclude>
    <ClInclude Include="..\..\src\umgui\UMDirectX11GUIBoard.h">
      <Filter>src\directx</Filter>
    </ClInclude>
    <ClInclude Include="..\..\src\umgui\UMDirectX11GUIScene.h">
      <Filter>src\directx</Filter>
    </ClInclude>
    <ClInclude Include="..\..\src\umgui\UMGUIScene.h">
      <Filter>src\software</Filter>
    </ClInclude>
    <ClInclude Include="..\..\src\umgui\UMGUIBoard.h">
      <Filter>src\software</Filter>
    </ClInclude>
    <ClInclude Include="..\..\src\umgui\UMGUIObject.h">
      <Filter>src\software</Filter>
    </ClInclude>
    <ClInclude Include="..\..\src\umgui\UMGUIEventType.h">
      <Filter>src\software</Filter>
    </ClInclude>
    <ClInclude Include="..\..\src\umgui\UMGUIScrollBoard.h">
      <Filter>src\software</Filter>
    </ClInclude>
  </ItemGroup>
  <ItemGroup>
    <None Include="..\..\resource\UMColorCircle.vs">
      <Filter>src\opengl\shader</Filter>
    </None>
    <None Include="..\..\resource\UMColorCircle.fs">
      <Filter>src\opengl\shader</Filter>
    </None>
  </ItemGroup>
</Project>