<?xml version="1.0" encoding="utf-8"?>
<Project ToolsVersion="4.0" xmlns="http://schemas.microsoft.com/developer/msbuild/2003">
  <ItemGroup>
    <Filter Include="src">
      <UniqueIdentifier>{4FC737F1-C7A5-4376-A066-2A32D752A2FF}</UniqueIdentifier>
      <Extensions>cpp;c;cc;cxx;def;odl;idl;hpj;bat;asm;asmx</Extensions>
    </Filter>
    <Filter Include="src\directx">
      <UniqueIdentifier>{96322039-0012-4fe2-82a2-3c34e19b38c1}</UniqueIdentifier>
    </Filter>
    <Filter Include="src\software">
      <UniqueIdentifier>{79c4669a-6a6f-4fc0-8e85-199bd868988c}</UniqueIdentifier>
    </Filter>
    <Filter Include="src\opengl">
      <UniqueIdentifier>{fee02d02-21cf-421a-885b-9c1dbd7e578c}</UniqueIdentifier>
    </Filter>
  </ItemGroup>
  <ItemGroup>
    <ClInclude Include="..\..\src\umabc\UMAbc.h">
      <Filter>src</Filter>
    </ClInclude>
    <ClInclude Include="..\..\src\umabc\UMAbcConvert.h">
      <Filter>src</Filter>
    </ClInclude>
    <ClInclude Include="..\..\src\umabc\UMAbcSetting.h">
      <Filter>src</Filter>
    </ClInclude>
    <ClInclude Include="..\..\src\umabc\UMAbcCallback.h">
      <Filter>src</Filter>
    </ClInclude>
    <ClInclude Include="..\..\src\umabc\UMOpenGLAbcMesh.h">
      <Filter>src\opengl</Filter>
    </ClInclude>
    <ClInclude Include="..\..\src\umabc\UMAbcIO.h">
      <Filter>src</Filter>
    </ClInclude>
    <ClInclude Include="..\..\src\umabc\UMAbcMesh.h">
      <Filter>src\software</Filter>
    </ClInclude>
    <ClInclude Include="..\..\src\umabc\UMAbcObject.h">
      <Filter>src\software</Filter>
    </ClInclude>
    <ClInclude Include="..\..\src\umabc\UMAbcScene.h">
      <Filter>src\software</Filter>
    </ClInclude>
    <ClInclude Include="..\..\src\umabc\UMAbcXform.h">
      <Filter>src\software</Filter>
    </ClInclude>
    <ClInclude Include="..\..\src\umabc\UMDirectX11AbcMesh.h">
      <Filter>src\directx</Filter>
    </ClInclude>
    <ClInclude Include="..\..\src\umabc\UMAbcCurve.h">
      <Filter>src\software</Filter>
    </ClInclude>
    <ClInclude Include="..\..\src\umabc\UMAbcNurbsPatch.h">
      <Filter>src\software</Filter>
    </ClInclude>
    <ClInclude Include="..\..\src\umabc\UMAbcPoint.h">
      <Filter>src\software</Filter>
    </ClInclude>
    <ClInclude Include="..\..\src\umabc\UMAbcCamera.h">
      <Filter>src\software</Filter>
    </ClInclude>
    <ClInclude Include="..\..\src\umabc\UMOpenGLAbcPoint.h">
      <Filter>src\opengl</Filter>
    </ClInclude>
    <ClInclude Include="..\..\src\umabc\UMDirectX11AbcPoint.h">
      <Filter>src\directx</Filter>
    </ClInclude>
    <ClInclude Include="..\..\src\umabc\UMDirectX11AbcScene.h">
      <Filter>src\directx</Filter>
    </ClInclude>
    <ClInclude Include="..\..\src\umabc\UMOpenGLAbcScene.h">
      <Filter>src\opengl</Filter>
    </ClInclude>
  </ItemGroup>
  <ItemGroup>
    <ClCompile Include="..\..\src\umabc\UMAbc.cpp">
      <Filter>src</Filter>
    </ClCompile>
    <ClCompile Include="..\..\src\umabc\UMOpenGLAbcMesh.cpp">
      <Filter>src\opengl</Filter>
    </ClCompile>
    <ClCompile Include="..\..\src\umabc\UMAbcIO.cpp">
      <Filter>src</Filter>
    </ClCompile>
    <ClCompile Include="..\..\src\umabc\UMAbcMesh.cpp">
      <Filter>src\software</Filter>
    </ClCompile>
    <ClCompile Include="..\..\src\umabc\UMAbcObject.cpp">
      <Filter>src\software</Filter>
    </ClCompile>
    <ClCompile Include="..\..\src\umabc\UMAbcScene.cpp">
      <Filter>src\software</Filter>
    </ClCompile>
    <ClCompile Include="..\..\src\umabc\UMAbcXform.cpp">
      <Filter>src\software</Filter>
    </ClCompile>
    <ClCompile Include="..\..\src\umabc\UMDirectX11AbcMesh.cpp">
      <Filter>src\directx</Filter>
    </ClCompile>
    <ClCompile Include="..\..\src\umabc\UMAbcCurve.cpp">
      <Filter>src\software</Filter>
    </ClCompile>
    <ClCompile Include="..\..\src\umabc\UMAbcNurbsPatch.cpp">
      <Filter>src\software</Filter>
    </ClCompile>
    <ClCompile Include="..\..\src\umabc\UMAbcPoint.cpp">
      <Filter>src\software</Filter>
    </ClCompile>
    <ClCompile Include="..\..\src\umabc\UMAbcCamera.cpp">
      <Filter>src\software</Filter>
    </ClCompile>
    <ClCompile Include="..\..\src\umabc\UMOpenGLAbcPoint.cpp">
      <Filter>src\opengl</Filter>
    </ClCompile>
    <ClCompile Include="..\..\src\umabc\UMDirectX11AbcPoint.cpp">
      <Filter>src\directx</Filter>
    </ClCompile>
    <ClCompile Include="..\..\src\umabc\UMDirectX11AbcScene.cpp">
      <Filter>src\directx</Filter>
    </ClCompile>
    <ClCompile Include="..\..\src\umabc\UMOpenGLAbcScene.cpp">
      <Filter>src\opengl</Filter>
    </ClCompile>
  </ItemGroup>
</Project>